// !$*UTF8*$!
{
	archiveVersion = 1;
	classes = {
	};
	objectVersion = 56;
	objects = {

/* Begin PBXBuildFile section */
		D80110F42D4D2682009E51CE /* AppDelegate.swift in Sources */ = {isa = PBXBuildFile; fileRef = D80110F32D4D2682009E51CE /* AppDelegate.swift */; };
		D80110F62D4D2682009E51CE /* SceneDelegate.swift in Sources */ = {isa = PBXBuildFile; fileRef = D80110F52D4D2682009E51CE /* SceneDelegate.swift */; };
		D80110F82D4D2682009E51CE /* ViewController.swift in Sources */ = {isa = PBXBuildFile; fileRef = D80110F72D4D2682009E51CE /* ViewController.swift */; };
		D80110FB2D4D2682009E51CE /* Base in Resources */ = {isa = PBXBuildFile; fileRef = D80110FA2D4D2682009E51CE /* Base */; };
		D80110FD2D4D2684009E51CE /* Assets.xcassets in Resources */ = {isa = PBXBuildFile; fileRef = D80110FC2D4D2684009E51CE /* Assets.xcassets */; };
		D80111002D4D2684009E51CE /* Base in Resources */ = {isa = PBXBuildFile; fileRef = D80110FF2D4D2684009E51CE /* Base */; };
		D801110B2D4D2685009E51CE /* Assignment_1Tests.swift in Sources */ = {isa = PBXBuildFile; fileRef = D801110A2D4D2685009E51CE /* Assignment_1Tests.swift */; };
		D80111152D4D2685009E51CE /* Assignment_1UITests.swift in Sources */ = {isa = PBXBuildFile; fileRef = D80111142D4D2685009E51CE /* Assignment_1UITests.swift */; };
		D80111172D4D2685009E51CE /* Assignment_1UITestsLaunchTests.swift in Sources */ = {isa = PBXBuildFile; fileRef = D80111162D4D2685009E51CE /* Assignment_1UITestsLaunchTests.swift */; };
/* End PBXBuildFile section */

/* Begin PBXContainerItemProxy section */
		D80111072D4D2685009E51CE /* PBXContainerItemProxy */ = {
			isa = PBXContainerItemProxy;
			containerPortal = D80110E82D4D2682009E51CE /* Project object */;
			proxyType = 1;
			remoteGlobalIDString = D80110EF2D4D2682009E51CE;
			remoteInfo = Assignment_1;
		};
		D80111112D4D2685009E51CE /* PBXContainerItemProxy */ = {
			isa = PBXContainerItemProxy;
			containerPortal = D80110E82D4D2682009E51CE /* Project object */;
			proxyType = 1;
			remoteGlobalIDString = D80110EF2D4D2682009E51CE;
			remoteInfo = Assignment_1;
		};
/* End PBXContainerItemProxy section */

/* Begin PBXFileReference section */
		D80110F02D4D2682009E51CE /* Assignment_1.app */ = {isa = PBXFileReference; explicitFileType = wrapper.application; includeInIndex = 0; path = Assignment_1.app; sourceTree = BUILT_PRODUCTS_DIR; };
		D80110F32D4D2682009E51CE /* AppDelegate.swift */ = {isa = PBXFileReference; lastKnownFileType = sourcecode.swift; path = AppDelegate.swift; sourceTree = "<group>"; };
		D80110F52D4D2682009E51CE /* SceneDelegate.swift */ = {isa = PBXFileReference; lastKnownFileType = sourcecode.swift; path = SceneDelegate.swift; sourceTree = "<group>"; };
		D80110F72D4D2682009E51CE /* ViewController.swift */ = {isa = PBXFileReference; lastKnownFileType = sourcecode.swift; path = ViewController.swift; sourceTree = "<group>"; };
		D80110FA2D4D2682009E51CE /* Base */ = {isa = PBXFileReference; lastKnownFileType = file.storyboard; name = Base; path = Base.lproj/Main.storyboard; sourceTree = "<group>"; };
		D80110FC2D4D2684009E51CE /* Assets.xcassets */ = {isa = PBXFileReference; lastKnownFileType = folder.assetcatalog; path = Assets.xcassets; sourceTree = "<group>"; };
		D80110FF2D4D2684009E51CE /* Base */ = {isa = PBXFileReference; lastKnownFileType = file.storyboard; name = Base; path = Base.lproj/LaunchScreen.storyboard; sourceTree = "<group>"; };
		D80111012D4D2684009E51CE /* Info.plist */ = {isa = PBXFileReference; lastKnownFileType = text.plist.xml; path = Info.plist; sourceTree = "<group>"; };
		D80111062D4D2685009E51CE /* Assignment_1Tests.xctest */ = {isa = PBXFileReference; explicitFileType = wrapper.cfbundle; includeInIndex = 0; path = Assignment_1Tests.xctest; sourceTree = BUILT_PRODUCTS_DIR; };
		D801110A2D4D2685009E51CE /* Assignment_1Tests.swift */ = {isa = PBXFileReference; lastKnownFileType = sourcecode.swift; path = Assignment_1Tests.swift; sourceTree = "<group>"; };
		D80111102D4D2685009E51CE /* Assignment_1UITests.xctest */ = {isa = PBXFileReference; explicitFileType = wrapper.cfbundle; includeInIndex = 0; path = Assignment_1UITests.xctest; sourceTree = BUILT_PRODUCTS_DIR; };
		D80111142D4D2685009E51CE /* Assignment_1UITests.swift */ = {isa = PBXFileReference; lastKnownFileType = sourcecode.swift; path = Assignment_1UITests.swift; sourceTree = "<group>"; };
		D80111162D4D2685009E51CE /* Assignment_1UITestsLaunchTests.swift */ = {isa = PBXFileReference; lastKnownFileType = sourcecode.swift; path = Assignment_1UITestsLaunchTests.swift; sourceTree = "<group>"; };
/* End PBXFileReference section */

/* Begin PBXFrameworksBuildPhase section */
		D80110ED2D4D2682009E51CE /* Frameworks */ = {
			isa = PBXFrameworksBuildPhase;
			buildActionMask = 2147483647;
			files = (
			);
			runOnlyForDeploymentPostprocessing = 0;
		};
		D80111032D4D2685009E51CE /* Frameworks */ = {
			isa = PBXFrameworksBuildPhase;
			buildActionMask = 2147483647;
			files = (
			);
			runOnlyForDeploymentPostprocessing = 0;
		};
		D801110D2D4D2685009E51CE /* Frameworks */ = {
			isa = PBXFrameworksBuildPhase;
			buildActionMask = 2147483647;
			files = (
			);
			runOnlyForDeploymentPostprocessing = 0;
		};
/* End PBXFrameworksBuildPhase section */

/* Begin PBXGroup section */
		D80110E72D4D2682009E51CE = {
			isa = PBXGroup;
			children = (
				D80110F22D4D2682009E51CE /* Assignment_1 */,
				D80111092D4D2685009E51CE /* Assignment_1Tests */,
				D80111132D4D2685009E51CE /* Assignment_1UITests */,
				D80110F12D4D2682009E51CE /* Products */,
			);
			sourceTree = "<group>";
		};
		D80110F12D4D2682009E51CE /* Products */ = {
			isa = PBXGroup;
			children = (
				D80110F02D4D2682009E51CE /* Assignment_1.app */,
				D80111062D4D2685009E51CE /* Assignment_1Tests.xctest */,
				D80111102D4D2685009E51CE /* Assignment_1UITests.xctest */,
			);
			name = Products;
			sourceTree = "<group>";
		};
		D80110F22D4D2682009E51CE /* Assignment_1 */ = {
			isa = PBXGroup;
			children = (
				D80110F32D4D2682009E51CE /* AppDelegate.swift */,
				D80110F52D4D2682009E51CE /* SceneDelegate.swift */,
				D80110F72D4D2682009E51CE /* ViewController.swift */,
				D80110F92D4D2682009E51CE /* Main.storyboard */,
				D80110FC2D4D2684009E51CE /* Assets.xcassets */,
				D80110FE2D4D2684009E51CE /* LaunchScreen.storyboard */,
				D80111012D4D2684009E51CE /* Info.plist */,
			);
			path = Assignment_1;
			sourceTree = "<group>";
		};
		D80111092D4D2685009E51CE /* Assignment_1Tests */ = {
			isa = PBXGroup;
			children = (
				D801110A2D4D2685009E51CE /* Assignment_1Tests.swift */,
			);
			path = Assignment_1Tests;
			sourceTree = "<group>";
		};
		D80111132D4D2685009E51CE /* Assignment_1UITests */ = {
			isa = PBXGroup;
			children = (
				D80111142D4D2685009E51CE /* Assignment_1UITests.swift */,
				D80111162D4D2685009E51CE /* Assignment_1UITestsLaunchTests.swift */,
			);
			path = Assignment_1UITests;
			sourceTree = "<group>";
		};
/* End PBXGroup section */

/* Begin PBXNativeTarget section */
		D80110EF2D4D2682009E51CE /* Assignment_1 */ = {
			isa = PBXNativeTarget;
			buildConfigurationList = D801111A2D4D2685009E51CE /* Build configuration list for PBXNativeTarget "Assignment_1" */;
			buildPhases = (
				D80110EC2D4D2682009E51CE /* Sources */,
				D80110ED2D4D2682009E51CE /* Frameworks */,
				D80110EE2D4D2682009E51CE /* Resources */,
			);
			buildRules = (
			);
			dependencies = (
			);
			name = Assignment_1;
			productName = Assignment_1;
			productReference = D80110F02D4D2682009E51CE /* Assignment_1.app */;
			productType = "com.apple.product-type.application";
		};
		D80111052D4D2685009E51CE /* Assignment_1Tests */ = {
			isa = PBXNativeTarget;
			buildConfigurationList = D801111D2D4D2685009E51CE /* Build configuration list for PBXNativeTarget "Assignment_1Tests" */;
			buildPhases = (
				D80111022D4D2685009E51CE /* Sources */,
				D80111032D4D2685009E51CE /* Frameworks */,
				D80111042D4D2685009E51CE /* Resources */,
			);
			buildRules = (
			);
			dependencies = (
				D80111082D4D2685009E51CE /* PBXTargetDependency */,
			);
			name = Assignment_1Tests;
			productName = Assignment_1Tests;
			productReference = D80111062D4D2685009E51CE /* Assignment_1Tests.xctest */;
			productType = "com.apple.product-type.bundle.unit-test";
		};
		D801110F2D4D2685009E51CE /* Assignment_1UITests */ = {
			isa = PBXNativeTarget;
			buildConfigurationList = D80111202D4D2685009E51CE /* Build configuration list for PBXNativeTarget "Assignment_1UITests" */;
			buildPhases = (
				D801110C2D4D2685009E51CE /* Sources */,
				D801110D2D4D2685009E51CE /* Frameworks */,
				D801110E2D4D2685009E51CE /* Resources */,
			);
			buildRules = (
			);
			dependencies = (
				D80111122D4D2685009E51CE /* PBXTargetDependency */,
			);
			name = Assignment_1UITests;
			productName = Assignment_1UITests;
			productReference = D80111102D4D2685009E51CE /* Assignment_1UITests.xctest */;
			productType = "com.apple.product-type.bundle.ui-testing";
		};
/* End PBXNativeTarget section */

/* Begin PBXProject section */
		D80110E82D4D2682009E51CE /* Project object */ = {
			isa = PBXProject;
			attributes = {
				BuildIndependentTargetsInParallel = 1;
				LastSwiftUpdateCheck = 1540;
				LastUpgradeCheck = 1540;
				TargetAttributes = {
					D80110EF2D4D2682009E51CE = {
						CreatedOnToolsVersion = 15.4;
					};
					D80111052D4D2685009E51CE = {
						CreatedOnToolsVersion = 15.4;
						TestTargetID = D80110EF2D4D2682009E51CE;
					};
					D801110F2D4D2685009E51CE = {
						CreatedOnToolsVersion = 15.4;
						TestTargetID = D80110EF2D4D2682009E51CE;
					};
				};
			};
			buildConfigurationList = D80110EB2D4D2682009E51CE /* Build configuration list for PBXProject "Assignment_1" */;
			compatibilityVersion = "Xcode 14.0";
			developmentRegion = en;
			hasScannedForEncodings = 0;
			knownRegions = (
				en,
				Base,
			);
			mainGroup = D80110E72D4D2682009E51CE;
			productRefGroup = D80110F12D4D2682009E51CE /* Products */;
			projectDirPath = "";
			projectRoot = "";
			targets = (
				D80110EF2D4D2682009E51CE /* Assignment_1 */,
				D80111052D4D2685009E51CE /* Assignment_1Tests */,
				D801110F2D4D2685009E51CE /* Assignment_1UITests */,
			);
		};
/* End PBXProject section */

/* Begin PBXResourcesBuildPhase section */
		D80110EE2D4D2682009E51CE /* Resources */ = {
			isa = PBXResourcesBuildPhase;
			buildActionMask = 2147483647;
			files = (
				D80110FD2D4D2684009E51CE /* Assets.xcassets in Resources */,
				D80111002D4D2684009E51CE /* Base in Resources */,
				D80110FB2D4D2682009E51CE /* Base in Resources */,
			);
			runOnlyForDeploymentPostprocessing = 0;
		};
		D80111042D4D2685009E51CE /* Resources */ = {
			isa = PBXResourcesBuildPhase;
			buildActionMask = 2147483647;
			files = (
			);
			runOnlyForDeploymentPostprocessing = 0;
		};
		D801110E2D4D2685009E51CE /* Resources */ = {
			isa = PBXResourcesBuildPhase;
			buildActionMask = 2147483647;
			files = (
			);
			runOnlyForDeploymentPostprocessing = 0;
		};
/* End PBXResourcesBuildPhase section */

/* Begin PBXSourcesBuildPhase section */
		D80110EC2D4D2682009E51CE /* Sources */ = {
			isa = PBXSourcesBuildPhase;
			buildActionMask = 2147483647;
			files = (
				D80110F82D4D2682009E51CE /* ViewController.swift in Sources */,
				D80110F42D4D2682009E51CE /* AppDelegate.swift in Sources */,
				D80110F62D4D2682009E51CE /* SceneDelegate.swift in Sources */,
			);
			runOnlyForDeploymentPostprocessing = 0;
		};
		D80111022D4D2685009E51CE /* Sources */ = {
			isa = PBXSourcesBuildPhase;
			buildActionMask = 2147483647;
			files = (
				D801110B2D4D2685009E51CE /* Assignment_1Tests.swift in Sources */,
			);
			runOnlyForDeploymentPostprocessing = 0;
		};
		D801110C2D4D2685009E51CE /* Sources */ = {
			isa = PBXSourcesBuildPhase;
			buildActionMask = 2147483647;
			files = (
				D80111152D4D2685009E51CE /* Assignment_1UITests.swift in Sources */,
				D80111172D4D2685009E51CE /* Assignment_1UITestsLaunchTests.swift in Sources */,
			);
			runOnlyForDeploymentPostprocessing = 0;
		};
/* End PBXSourcesBuildPhase section */

/* Begin PBXTargetDependency section */
		D80111082D4D2685009E51CE /* PBXTargetDependency */ = {
			isa = PBXTargetDependency;
			target = D80110EF2D4D2682009E51CE /* Assignment_1 */;
			targetProxy = D80111072D4D2685009E51CE /* PBXContainerItemProxy */;
		};
		D80111122D4D2685009E51CE /* PBXTargetDependency */ = {
			isa = PBXTargetDependency;
			target = D80110EF2D4D2682009E51CE /* Assignment_1 */;
			targetProxy = D80111112D4D2685009E51CE /* PBXContainerItemProxy */;
		};
/* End PBXTargetDependency section */

/* Begin PBXVariantGroup section */
		D80110F92D4D2682009E51CE /* Main.storyboard */ = {
			isa = PBXVariantGroup;
			children = (
				D80110FA2D4D2682009E51CE /* Base */,
			);
			name = Main.storyboard;
			sourceTree = "<group>";
		};
		D80110FE2D4D2684009E51CE /* LaunchScreen.storyboard */ = {
			isa = PBXVariantGroup;
			children = (
				D80110FF2D4D2684009E51CE /* Base */,
			);
			name = LaunchScreen.storyboard;
			sourceTree = "<group>";
		};
/* End PBXVariantGroup section */

/* Begin XCBuildConfiguration section */
		D80111182D4D2685009E51CE /* Debug */ = {
			isa = XCBuildConfiguration;
			buildSettings = {
				ALWAYS_SEARCH_USER_PATHS = NO;
				ASSETCATALOG_COMPILER_GENERATE_SWIFT_ASSET_SYMBOL_EXTENSIONS = YES;
				CLANG_ANALYZER_NONNULL = YES;
				CLANG_ANALYZER_NUMBER_OBJECT_CONVERSION = YES_AGGRESSIVE;
				CLANG_CXX_LANGUAGE_STANDARD = "gnu++20";
				CLANG_ENABLE_MODULES = YES;
				CLANG_ENABLE_OBJC_ARC = YES;
				CLANG_ENABLE_OBJC_WEAK = YES;
				CLANG_WARN_BLOCK_CAPTURE_AUTORELEASING = YES;
				CLANG_WARN_BOOL_CONVERSION = YES;
				CLANG_WARN_COMMA = YES;
				CLANG_WARN_CONSTANT_CONVERSION = YES;
				CLANG_WARN_DEPRECATED_OBJC_IMPLEMENTATIONS = YES;
				CLANG_WARN_DIRECT_OBJC_ISA_USAGE = YES_ERROR;
				CLANG_WARN_DOCUMENTATION_COMMENTS = YES;
				CLANG_WARN_EMPTY_BODY = YES;
				CLANG_WARN_ENUM_CONVERSION = YES;
				CLANG_WARN_INFINITE_RECURSION = YES;
				CLANG_WARN_INT_CONVERSION = YES;
				CLANG_WARN_NON_LITERAL_NULL_CONVERSION = YES;
				CLANG_WARN_OBJC_IMPLICIT_RETAIN_SELF = YES;
				CLANG_WARN_OBJC_LITERAL_CONVERSION = YES;
				CLANG_WARN_OBJC_ROOT_CLASS = YES_ERROR;
				CLANG_WARN_QUOTED_INCLUDE_IN_FRAMEWORK_HEADER = YES;
				CLANG_WARN_RANGE_LOOP_ANALYSIS = YES;
				CLANG_WARN_STRICT_PROTOTYPES = YES;
				CLANG_WARN_SUSPICIOUS_MOVE = YES;
				CLANG_WARN_UNGUARDED_AVAILABILITY = YES_AGGRESSIVE;
				CLANG_WARN_UNREACHABLE_CODE = YES;
				CLANG_WARN__DUPLICATE_METHOD_MATCH = YES;
				COPY_PHASE_STRIP = NO;
				DEBUG_INFORMATION_FORMAT = dwarf;
				ENABLE_STRICT_OBJC_MSGSEND = YES;
				ENABLE_TESTABILITY = YES;
				ENABLE_USER_SCRIPT_SANDBOXING = YES;
				GCC_C_LANGUAGE_STANDARD = gnu17;
				GCC_DYNAMIC_NO_PIC = NO;
				GCC_NO_COMMON_BLOCKS = YES;
				GCC_OPTIMIZATION_LEVEL = 0;
				GCC_PREPROCESSOR_DEFINITIONS = (
					"DEBUG=1",
					"$(inherited)",
				);
				GCC_WARN_64_TO_32_BIT_CONVERSION = YES;
				GCC_WARN_ABOUT_RETURN_TYPE = YES_ERROR;
				GCC_WARN_UNDECLARED_SELECTOR = YES;
				GCC_WARN_UNINITIALIZED_AUTOS = YES_AGGRESSIVE;
				GCC_WARN_UNUSED_FUNCTION = YES;
				GCC_WARN_UNUSED_VARIABLE = YES;
				IPHONEOS_DEPLOYMENT_TARGET = 17.5;
				LOCALIZATION_PREFERS_STRING_CATALOGS = YES;
				MTL_ENABLE_DEBUG_INFO = INCLUDE_SOURCE;
				MTL_FAST_MATH = YES;
				ONLY_ACTIVE_ARCH = YES;
				SDKROOT = iphoneos;
				SWIFT_ACTIVE_COMPILATION_CONDITIONS = "DEBUG $(inherited)";
				SWIFT_OPTIMIZATION_LEVEL = "-Onone";
			};
			name = Debug;
		};
		D80111192D4D2685009E51CE /* Release */ = {
			isa = XCBuildConfiguration;
			buildSettings = {
				ALWAYS_SEARCH_USER_PATHS = NO;
				ASSETCATALOG_COMPILER_GENERATE_SWIFT_ASSET_SYMBOL_EXTENSIONS = YES;
				CLANG_ANALYZER_NONNULL = YES;
				CLANG_ANALYZER_NUMBER_OBJECT_CONVERSION = YES_AGGRESSIVE;
				CLANG_CXX_LANGUAGE_STANDARD = "gnu++20";
				CLANG_ENABLE_MODULES = YES;
				CLANG_ENABLE_OBJC_ARC = YES;
				CLANG_ENABLE_OBJC_WEAK = YES;
				CLANG_WARN_BLOCK_CAPTURE_AUTORELEASING = YES;
				CLANG_WARN_BOOL_CONVERSION = YES;
				CLANG_WARN_COMMA = YES;
				CLANG_WARN_CONSTANT_CONVERSION = YES;
				CLANG_WARN_DEPRECATED_OBJC_IMPLEMENTATIONS = YES;
				CLANG_WARN_DIRECT_OBJC_ISA_USAGE = YES_ERROR;
				CLANG_WARN_DOCUMENTATION_COMMENTS = YES;
				CLANG_WARN_EMPTY_BODY = YES;
				CLANG_WARN_ENUM_CONVERSION = YES;
				CLANG_WARN_INFINITE_RECURSION = YES;
				CLANG_WARN_INT_CONVERSION = YES;
				CLANG_WARN_NON_LITERAL_NULL_CONVERSION = YES;
				CLANG_WARN_OBJC_IMPLICIT_RETAIN_SELF = YES;
				CLANG_WARN_OBJC_LITERAL_CONVERSION = YES;
				CLANG_WARN_OBJC_ROOT_CLASS = YES_ERROR;
				CLANG_WARN_QUOTED_INCLUDE_IN_FRAMEWORK_HEADER = YES;
				CLANG_WARN_RANGE_LOOP_ANALYSIS = YES;
				CLANG_WARN_STRICT_PROTOTYPES = YES;
				CLANG_WARN_SUSPICIOUS_MOVE = YES;
				CLANG_WARN_UNGUARDED_AVAILABILITY = YES_AGGRESSIVE;
				CLANG_WARN_UNREACHABLE_CODE = YES;
				CLANG_WARN__DUPLICATE_METHOD_MATCH = YES;
				COPY_PHASE_STRIP = NO;
				DEBUG_INFORMATION_FORMAT = "dwarf-with-dsym";
				ENABLE_NS_ASSERTIONS = NO;
				ENABLE_STRICT_OBJC_MSGSEND = YES;
				ENABLE_USER_SCRIPT_SANDBOXING = YES;
				GCC_C_LANGUAGE_STANDARD = gnu17;
				GCC_NO_COMMON_BLOCKS = YES;
				GCC_WARN_64_TO_32_BIT_CONVERSION = YES;
				GCC_WARN_ABOUT_RETURN_TYPE = YES_ERROR;
				GCC_WARN_UNDECLARED_SELECTOR = YES;
				GCC_WARN_UNINITIALIZED_AUTOS = YES_AGGRESSIVE;
				GCC_WARN_UNUSED_FUNCTION = YES;
				GCC_WARN_UNUSED_VARIABLE = YES;
				IPHONEOS_DEPLOYMENT_TARGET = 17.5;
				LOCALIZATION_PREFERS_STRING_CATALOGS = YES;
				MTL_ENABLE_DEBUG_INFO = NO;
				MTL_FAST_MATH = YES;
				SDKROOT = iphoneos;
				SWIFT_COMPILATION_MODE = wholemodule;
				VALIDATE_PRODUCT = YES;
			};
			name = Release;
		};
		D801111B2D4D2685009E51CE /* Debug */ = {
			isa = XCBuildConfiguration;
			buildSettings = {
				ASSETCATALOG_COMPILER_APPICON_NAME = AppIcon;
				ASSETCATALOG_COMPILER_GLOBAL_ACCENT_COLOR_NAME = AccentColor;
				CODE_SIGN_STYLE = Automatic;
				CURRENT_PROJECT_VERSION = 1;
				GENERATE_INFOPLIST_FILE = YES;
				INFOPLIST_FILE = Assignment_1/Info.plist;
				INFOPLIST_KEY_UIApplicationSupportsIndirectInputEvents = YES;
				INFOPLIST_KEY_UILaunchStoryboardName = LaunchScreen;
				INFOPLIST_KEY_UIMainStoryboardFile = Main;
				INFOPLIST_KEY_UISupportedInterfaceOrientations_iPad = "UIInterfaceOrientationPortrait UIInterfaceOrientationPortraitUpsideDown UIInterfaceOrientationLandscapeLeft UIInterfaceOrientationLandscapeRight";
				INFOPLIST_KEY_UISupportedInterfaceOrientations_iPhone = "UIInterfaceOrientationPortrait UIInterfaceOrientationLandscapeLeft UIInterfaceOrientationLandscapeRight";
				LD_RUNPATH_SEARCH_PATHS = (
					"$(inherited)",
					"@executable_path/Frameworks",
				);
				MARKETING_VERSION = 1.0;
				PRODUCT_BUNDLE_IDENTIFIER = "humber.ca.Assignment-1";
				PRODUCT_NAME = "$(TARGET_NAME)";
				SWIFT_EMIT_LOC_STRINGS = YES;
				SWIFT_VERSION = 5.0;
				TARGETED_DEVICE_FAMILY = "1,2";
			};
			name = Debug;
		};
		D801111C2D4D2685009E51CE /* Release */ = {
			isa = XCBuildConfiguration;
			buildSettings = {
				ASSETCATALOG_COMPILER_APPICON_NAME = AppIcon;
				ASSETCATALOG_COMPILER_GLOBAL_ACCENT_COLOR_NAME = AccentColor;
				CODE_SIGN_STYLE = Automatic;
				CURRENT_PROJECT_VERSION = 1;
				GENERATE_INFOPLIST_FILE = YES;
				INFOPLIST_FILE = Assignment_1/Info.plist;
				INFOPLIST_KEY_UIApplicationSupportsIndirectInputEvents = YES;
				INFOPLIST_KEY_UILaunchStoryboardName = LaunchScreen;
				INFOPLIST_KEY_UIMainStoryboardFile = Main;
				INFOPLIST_KEY_UISupportedInterfaceOrientations_iPad = "UIInterfaceOrientationPortrait UIInterfaceOrientationPortraitUpsideDown UIInterfaceOrientationLandscapeLeft UIInterfaceOrientationLandscapeRight";
				INFOPLIST_KEY_UISupportedInterfaceOrientations_iPhone = "UIInterfaceOrientationPortrait UIInterfaceOrientationLandscapeLeft UIInterfaceOrientationLandscapeRight";
				LD_RUNPATH_SEARCH_PATHS = (
					"$(inherited)",
					"@executable_path/Frameworks",
				);
				MARKETING_VERSION = 1.0;
				PRODUCT_BUNDLE_IDENTIFIER = "humber.ca.Assignment-1";
				PRODUCT_NAME = "$(TARGET_NAME)";
				SWIFT_EMIT_LOC_STRINGS = YES;
				SWIFT_VERSION = 5.0;
				TARGETED_DEVICE_FAMILY = "1,2";
			};
			name = Release;
		};
		D801111E2D4D2685009E51CE /* Debug */ = {
			isa = XCBuildConfiguration;
			buildSettings = {
				ALWAYS_EMBED_SWIFT_STANDARD_LIBRARIES = YES;
				BUNDLE_LOADER = "$(TEST_HOST)";
				CODE_SIGN_STYLE = Automatic;
				CURRENT_PROJECT_VERSION = 1;
				GENERATE_INFOPLIST_FILE = YES;
				IPHONEOS_DEPLOYMENT_TARGET = 17.5;
				MARKETING_VERSION = 1.0;
				PRODUCT_BUNDLE_IDENTIFIER = "humber.ca.Assignment-1Tests";
				PRODUCT_NAME = "$(TARGET_NAME)";
				SWIFT_EMIT_LOC_STRINGS = NO;
				SWIFT_VERSION = 5.0;
				TARGETED_DEVICE_FAMILY = "1,2";
				TEST_HOST = "$(BUILT_PRODUCTS_DIR)/Assignment_1.app/$(BUNDLE_EXECUTABLE_FOLDER_PATH)/Assignment_1";
			};
			name = Debug;
		};
		D801111F2D4D2685009E51CE /* Release */ = {
			isa = XCBuildConfiguration;
			buildSettings = {
				ALWAYS_EMBED_SWIFT_STANDARD_LIBRARIES = YES;
				BUNDLE_LOADER = "$(TEST_HOST)";
				CODE_SIGN_STYLE = Automatic;
				CURRENT_PROJECT_VERSION = 1;
				GENERATE_INFOPLIST_FILE = YES;
				IPHONEOS_DEPLOYMENT_TARGET = 17.5;
				MARKETING_VERSION = 1.0;
				PRODUCT_BUNDLE_IDENTIFIER = "humber.ca.Assignment-1Tests";
				PRODUCT_NAME = "$(TARGET_NAME)";
				SWIFT_EMIT_LOC_STRINGS = NO;
				SWIFT_VERSION = 5.0;
				TARGETED_DEVICE_FAMILY = "1,2";
				TEST_HOST = "$(BUILT_PRODUCTS_DIR)/Assignment_1.app/$(BUNDLE_EXECUTABLE_FOLDER_PATH)/Assignment_1";
			};
			name = Release;
		};
		D80111212D4D2685009E51CE /* Debug */ = {
			isa = XCBuildConfiguration;
			buildSettings = {
				ALWAYS_EMBED_SWIFT_STANDARD_LIBRARIES = YES;
				CODE_SIGN_STYLE = Automatic;
				CURRENT_PROJECT_VERSION = 1;
				GENERATE_INFOPLIST_FILE = YES;
				MARKETING_VERSION = 1.0;
				PRODUCT_BUNDLE_IDENTIFIER = "humber.ca.Assignment-1UITests";
				PRODUCT_NAME = "$(TARGET_NAME)";
				SWIFT_EMIT_LOC_STRINGS = NO;
				SWIFT_VERSION = 5.0;
				TARGETED_DEVICE_FAMILY = "1,2";
				TEST_TARGET_NAME = Assignment_1;
			};
			name = Debug;
		};
		D80111222D4D2685009E51CE /* Release */ = {
			isa = XCBuildConfiguration;
			buildSettings = {
				ALWAYS_EMBED_SWIFT_STANDARD_LIBRARIES = YES;
				CODE_SIGN_STYLE = Automatic;
				CURRENT_PROJECT_VERSION = 1;
				GENERATE_INFOPLIST_FILE = YES;
				MARKETING_VERSION = 1.0;
				PRODUCT_BUNDLE_IDENTIFIER = "humber.ca.Assignment-1UITests";
				PRODUCT_NAME = "$(TARGET_NAME)";
				SWIFT_EMIT_LOC_STRINGS = NO;
				SWIFT_VERSION = 5.0;
				TARGETED_DEVICE_FAMILY = "1,2";
				TEST_TARGET_NAME = Assignment_1;
			};
			name = Release;
		};
/* End XCBuildConfiguration section */

/* Begin XCConfigurationList section */
		D80110EB2D4D2682009E51CE /* Build configuration list for PBXProject "Assignment_1" */ = {
			isa = XCConfigurationList;
			buildConfigurations = (
				D80111182D4D2685009E51CE /* Debug */,
				D80111192D4D2685009E51CE /* Release */,
			);
			defaultConfigurationIsVisible = 0;
			defaultConfigurationName = Release;
		};
		D801111A2D4D2685009E51CE /* Build configuration list for PBXNativeTarget "Assignment_1" */ = {
			isa = XCConfigurationList;
			buildConfigurations = (
				D801111B2D4D2685009E51CE /* Debug */,
				D801111C2D4D2685009E51CE /* Release */,
			);
			defaultConfigurationIsVisible = 0;
			defaultConfigurationName = Release;
		};
		D801111D2D4D2685009E51CE /* Build configuration list for PBXNativeTarget "Assignment_1Tests" */ = {
			isa = XCConfigurationList;
			buildConfigurations = (
				D801111E2D4D2685009E51CE /* Debug */,
				D801111F2D4D2685009E51CE /* Release */,
			);
			defaultConfigurationIsVisible = 0;
			defaultConfigurationName = Release;
		};
		D80111202D4D2685009E51CE /* Build configuration list for PBXNativeTarget "Assignment_1UITests" */ = {
			isa = XCConfigurationList;
			buildConfigurations = (
				D80111212D4D2685009E51CE /* Debug */,
				D80111222D4D2685009E51CE /* Release */,
			);
			defaultConfigurationIsVisible = 0;
			defaultConfigurationName = Release;
		};
/* End XCConfigurationList section */
	};
	rootObject = D80110E82D4D2682009E51CE /* Project object */;
}
